{
  "lockfileVersion": 1,
  "configVersion": 1,
  "workspaces": {
    "": {
      "name": "jeffreynijs",
      "devDependencies": {
        "@mimlet/zod": "0.1.0-beta.2",
        "zod": "4.6.5",
      },
    },
  },
  "packages": {
    "@mimlet/core": ["@mimlet/core@0.1.0-beta.2", "", {}, "sha512-dp9F9M1PA0/R33fLVm4TX8+uiOhLWrz1dcFuRrV6bwjHDIfq0fjrDodyKH3aV3Tj3nwrYrQbVIULvVp5N+9FhQ=="],

    "@mimlet/json-schema": ["@mimlet/json-schema@0.1.0-beta.2", "", { "dependencies": { "@mimlet/core": "0.1.0-beta.2", "ajv": "8.20.0", "ajv-formats": "3.0.1", "json-schema-faker": "0.6.3" } }, "sha512-JPLj3gztM0UC9OqRilXoiRS0EYDbhO1RTHRUJ7cH73YHaII6EfIUjOoIRib3EgQvy15cm8h4ekU5TXNxZPGrAg=="],

    "@mimlet/zod": ["@mimlet/zod@0.1.0-beta.2", "", { "dependencies": { "@mimlet/core": "0.1.0-beta.2", "@mimlet/json-schema": "0.1.0-beta.2" }, "peerDependencies": { "zod": ">=4.4.3 <=4.6.5" } }, "sha512-Kin/RubB5/xn5/q63hx/LHfVlTTmdkgE46huecaSXv0Gho+uT88BN+UZ1+BtwZo1UQfqE6kBsPWTa/1hVlUbrw=="],

    "ajv": ["ajv@8.20.0", "", { "dependencies": { "fast-deep-equal": "^3.1.3", "fast-uri": "^3.0.1", "json-schema-traverse": "^1.0.0", "require-from-string": "^2.0.2" } }, "sha512-Thbli+OlOj+iMPYFBVBfJ3OmCAnaSyNn4M1vz9T6Gka5Jt9ba/HIR56joy65tY6kx/FCF5VXNB819Y7/GUrBGA=="],

    "ajv-formats": ["ajv-formats@3.0.1", "", { "dependencies": { "ajv": "^8.0.0" } }, "sha512-8iUql50EUR+uUcdRQ3HDqa6EVyo3docL8g5WJ3FNcWmu62IbkGUue/pEyLBW8VGKKucTPgqeks4fIU1DA4yowQ=="],

    "fast-deep-equal": ["fast-deep-equal@3.1.3", "", {}, "sha512-f3qQ9oQy9j2AhBe/H9VC91wLmKBCCU/gDOnKNAYG5hswO7BLKj09Hc5HYNz9cGI++xlpDCIgDaitVs03ATR84Q=="],

    "fast-uri": ["fast-uri@3.1.8", "", {}, "sha512-GZMtZUTNRpOVIECoXwLNZS5xUGE+mVNbTB8h/7Rwh2TFWcBQiPzTgyZi05BF9UMZKkLJv8XBRJTlU7zg8+ZfMg=="],

    "json-schema-faker": ["json-schema-faker@0.6.3", "", { "bin": { "jsf": "dist/bin/cli.js" } }, "sha512-rsH48E/b5KFpgvKlcFjplB+zwOZk2FhYCQwcM6y09ApZkVl3D7PhcRIrDhpfR+w1AhNOrv0bumJElBz4X++KBA=="],

    "json-schema-traverse": ["json-schema-traverse@1.0.0", "", {}, "sha512-NM8/P9n3XjXhIZn1lLhkFaACTOURQXjWhV4BA/RnOv8xvgqtqpAX9IO4mRQxSx1Rlo4tqzeqb0sOlruaOy3dug=="],

    "require-from-string": ["require-from-string@2.0.2", "", {}, "sha512-Xf0nWe6RseziFMu+Ap9biiUbmplq6S9/p+7w7YXP/JBHhrUDDUhwa+vANyubuqfZWTveU//DYVGsDG7RKL/vEw=="],

    "zod": ["zod@4.6.5", "", {}, "sha512-v5l/aFXZQeai4awLbOpSoHecE9UiMrnfx75tEXLjNonXVARxQ5mOeipTjROUchszUNCqnE+hqAMujRsRHsut2Q=="],
  }
}
